
Microsoft Visual Studio Solution File, Format Version 11.00
# Visual C# Express 2010
Project("{FAE04EC0-301F-11D3-BF4B-00C04F79EFBC}") = "giantsummon", "giantsummon.csproj", "{A72C2442-C839-41CE-91F9-D846727BF7B8}"
EndProject
Project("{FAE04EC0-301F-11D3-BF4B-00C04F79EFBC}") = "gaomonfollowermod", "..\gaomonfollowermod\gaomonfollowermod.csproj", "{458ABA92-2C7E-453B-8A14-1FDE644E3667}"
EndProject
Global
	GlobalSection(SolutionConfigurationPlatforms) = preSolution
		Debug|Any CPU = Debug|Any CPU
		Release|Any CPU = Release|Any CPU
	EndGlobalSection
	GlobalSection(ProjectConfigurationPlatforms) = postSolution
		{A72C2442-C839-41CE-91F9-D846727BF7B8}.Debug|Any CPU.ActiveCfg = Debug|Any CPU
		{A72C2442-C839-41CE-91F9-D846727BF7B8}.Debug|Any CPU.Build.0 = Debug|Any CPU
		{A72C2442-C839-41CE-91F9-D846727BF7B8}.Release|Any CPU.ActiveCfg = Release|Any CPU
		{A72C2442-C839-41CE-91F9-D846727BF7B8}.Release|Any CPU.Build.0 = Release|Any CPU
		{458ABA92-2C7E-453B-8A14-1FDE644E3667}.Debug|Any CPU.ActiveCfg = Debug|Any CPU
		{458ABA92-2C7E-453B-8A14-1FDE644E3667}.Debug|Any CPU.Build.0 = Debug|Any CPU
		{458ABA92-2C7E-453B-8A14-1FDE644E3667}.Release|Any CPU.ActiveCfg = Release|Any CPU
		{458ABA92-2C7E-453B-8A14-1FDE644E3667}.Release|Any CPU.Build.0 = Release|Any CPU
	EndGlobalSection
	GlobalSection(SolutionProperties) = preSolution
		HideSolutionNode = FALSE
	EndGlobalSection
EndGlobal
